// !$*UTF8*$!
{
	archiveVersion = 1;
	classes = {
	};
	objectVersion = 50;
	objects = {

/* Begin PBXBuildFile section */
		903FAB31255FAA9800437AA6 /* AppDelegate.swift in Sources */ = {isa = PBXBuildFile; fileRef = 903FAB30255FAA9800437AA6 /* AppDelegate.swift */; };
		903FAB33255FAA9800437AA6 /* SceneDelegate.swift in Sources */ = {isa = PBXBuildFile; fileRef = 903FAB32255FAA9800437AA6 /* SceneDelegate.swift */; };
		903FAB35255FAA9800437AA6 /* ViewController.swift in Sources */ = {isa = PBXBuildFile; fileRef = 903FAB34255FAA9800437AA6 /* ViewController.swift */; };
		903FAB38255FAA9800437AA6 /* Main.storyboard in Resources */ = {isa = PBXBuildFile; fileRef = 903FAB36255FAA9800437AA6 /* Main.storyboard */; };
		903FAB3A255FAA9900437AA6 /* Assets.xcassets in Resources */ = {isa = PBXBuildFile; fileRef = 903FAB39255FAA9900437AA6 /* Assets.xcassets */; };
		903FAB3D255FAA9900437AA6 /* LaunchScreen.storyboard in Resources */ = {isa = PBXBuildFile; fileRef = 903FAB3B255FAA9900437AA6 /* LaunchScreen.storyboard */; };
		903FAB48255FAA9900437AA6 /* TVMazeTests.swift in Sources */ = {isa = PBXBuildFile; fileRef = 903FAB47255FAA9900437AA6 /* TVMazeTests.swift */; };
		903FAB53255FAA9900437AA6 /* TVMazeUITests.swift in Sources */ = {isa = PBXBuildFile; fileRef = 903FAB52255FAA9900437AA6 /* TVMazeUITests.swift */; };
/* End PBXBuildFile section */

/* Begin PBXContainerItemProxy section */
		903FAB44255FAA9900437AA6 /* PBXContainerItemProxy */ = {
			isa = PBXContainerItemProxy;
			containerPortal = 903FAB25255FAA9800437AA6 /* Project object */;
			proxyType = 1;
			remoteGlobalIDString = 903FAB2C255FAA9800437AA6;
			remoteInfo = TVMaze;
		};
		903FAB4F255FAA9900437AA6 /* PBXContainerItemProxy */ = {
			isa = PBXContainerItemProxy;
			containerPortal = 903FAB25255FAA9800437AA6 /* Project object */;
			proxyType = 1;
			remoteGlobalIDString = 903FAB2C255FAA9800437AA6;
			remoteInfo = TVMaze;
		};
/* End PBXContainerItemProxy section */

/* Begin PBXFileReference section */
		903FAB2D255FAA9800437AA6 /* TVMaze.app */ = {isa = PBXFileReference; explicitFileType = wrapper.application; includeInIndex = 0; path = TVMaze.app; sourceTree = BUILT_PRODUCTS_DIR; };
		903FAB30255FAA9800437AA6 /* AppDelegate.swift */ = {isa = PBXFileReference; lastKnownFileType = sourcecode.swift; path = AppDelegate.swift; sourceTree = "<group>"; };
		903FAB32255FAA9800437AA6 /* SceneDelegate.swift */ = {isa = PBXFileReference; lastKnownFileType = sourcecode.swift; path = SceneDelegate.swift; sourceTree = "<group>"; };
		903FAB34255FAA9800437AA6 /* ViewController.swift */ = {isa = PBXFileReference; lastKnownFileType = sourcecode.swift; path = ViewController.swift; sourceTree = "<group>"; };
		903FAB37255FAA9800437AA6 /* Base */ = {isa = PBXFileReference; lastKnownFileType = file.storyboard; name = Base; path = Base.lproj/Main.storyboard; sourceTree = "<group>"; };
		903FAB39255FAA9900437AA6 /* Assets.xcassets */ = {isa = PBXFileReference; lastKnownFileType = folder.assetcatalog; path = Assets.xcassets; sourceTree = "<group>"; };
		903FAB3C255FAA9900437AA6 /* Base */ = {isa = PBXFileReference; lastKnownFileType = file.storyboard; name = Base; path = Base.lproj/LaunchScreen.storyboard; sourceTree = "<group>"; };
		903FAB3E255FAA9900437AA6 /* Info.plist */ = {isa = PBXFileReference; lastKnownFileType = text.plist.xml; path = Info.plist; sourceTree = "<group>"; };
		903FAB43255FAA9900437AA6 /* TVMazeTests.xctest */ = {isa = PBXFileReference; explicitFileType = wrapper.cfbundle; includeInIndex = 0; path = TVMazeTests.xctest; sourceTree = BUILT_PRODUCTS_DIR; };
		903FAB47255FAA9900437AA6 /* TVMazeTests.swift */ = {isa = PBXFileReference; lastKnownFileType = sourcecode.swift; path = TVMazeTests.swift; sourceTree = "<group>"; };
		903FAB49255FAA9900437AA6 /* Info.plist */ = {isa = PBXFileReference; lastKnownFileType = text.plist.xml; path = Info.plist; sourceTree = "<group>"; };
		903FAB4E255FAA9900437AA6 /* TVMazeUITests.xctest */ = {isa = PBXFileReference; explicitFileType = wrapper.cfbundle; includeInIndex = 0; path = TVMazeUITests.xctest; sourceTree = BUILT_PRODUCTS_DIR; };
		903FAB52255FAA9900437AA6 /* TVMazeUITests.swift */ = {isa = PBXFileReference; lastKnownFileType = sourcecode.swift; path = TVMazeUITests.swift; sourceTree = "<group>"; };
		903FAB54255FAA9900437AA6 /* Info.plist */ = {isa = PBXFileReference; lastKnownFileType = text.plist.xml; path = Info.plist; sourceTree = "<group>"; };
/* End PBXFileReference section */

/* Begin PBXFrameworksBuildPhase section */
		903FAB2A255FAA9800437AA6 /* Frameworks */ = {
			isa = PBXFrameworksBuildPhase;
			buildActionMask = 2147483647;
			files = (
			);
			runOnlyForDeploymentPostprocessing = 0;
		};
		903FAB40255FAA9900437AA6 /* Frameworks */ = {
			isa = PBXFrameworksBuildPhase;
			buildActionMask = 2147483647;
			files = (
			);
			runOnlyForDeploymentPostprocessing = 0;
		};
		903FAB4B255FAA9900437AA6 /* Frameworks */ = {
			isa = PBXFrameworksBuildPhase;
			buildActionMask = 2147483647;
			files = (
			);
			runOnlyForDeploymentPostprocessing = 0;
		};
/* End PBXFrameworksBuildPhase section */

/* Begin PBXGroup section */
		903FAB24255FAA9800437AA6 = {
			isa = PBXGroup;
			children = (
				903FAB2F255FAA9800437AA6 /* TVMaze */,
				903FAB46255FAA9900437AA6 /* TVMazeTests */,
				903FAB51255FAA9900437AA6 /* TVMazeUITests */,
				903FAB2E255FAA9800437AA6 /* Products */,
			);
			sourceTree = "<group>";
		};
		903FAB2E255FAA9800437AA6 /* Products */ = {
			isa = PBXGroup;
			children = (
				903FAB2D255FAA9800437AA6 /* TVMaze.app */,
				903FAB43255FAA9900437AA6 /* TVMazeTests.xctest */,
				903FAB4E255FAA9900437AA6 /* TVMazeUITests.xctest */,
			);
			name = Products;
			sourceTree = "<group>";
		};
		903FAB2F255FAA9800437AA6 /* TVMaze */ = {
			isa = PBXGroup;
			children = (
				903FAB30255FAA9800437AA6 /* AppDelegate.swift */,
				903FAB32255FAA9800437AA6 /* SceneDelegate.swift */,
				903FAB34255FAA9800437AA6 /* ViewController.swift */,
				903FAB36255FAA9800437AA6 /* Main.storyboard */,
				903FAB39255FAA9900437AA6 /* Assets.xcassets */,
				903FAB3B255FAA9900437AA6 /* LaunchScreen.storyboard */,
				903FAB3E255FAA9900437AA6 /* Info.plist */,
			);
			path = TVMaze;
			sourceTree = "<group>";
		};
		903FAB46255FAA9900437AA6 /* TVMazeTests */ = {
			isa = PBXGroup;
			children = (
				903FAB47255FAA9900437AA6 /* TVMazeTests.swift */,
				903FAB49255FAA9900437AA6 /* Info.plist */,
			);
			path = TVMazeTests;
			sourceTree = "<group>";
		};
		903FAB51255FAA9900437AA6 /* TVMazeUITests */ = {
			isa = PBXGroup;
			children = (
				903FAB52255FAA9900437AA6 /* TVMazeUITests.swift */,
				903FAB54255FAA9900437AA6 /* Info.plist */,
			);
			path = TVMazeUITests;
			sourceTree = "<group>";
		};
/* End PBXGroup section */

/* Begin PBXNativeTarget section */
		903FAB2C255FAA9800437AA6 /* TVMaze */ = {
			isa = PBXNativeTarget;
			buildConfigurationList = 903FAB57255FAA9900437AA6 /* Build configuration list for PBXNativeTarget "TVMaze" */;
			buildPhases = (
				903FAB29255FAA9800437AA6 /* Sources */,
				903FAB2A255FAA9800437AA6 /* Frameworks */,
				903FAB2B255FAA9800437AA6 /* Resources */,
			);
			buildRules = (
			);
			dependencies = (
			);
			name = TVMaze;
			productName = TVMaze;
			productReference = 903FAB2D255FAA9800437AA6 /* TVMaze.app */;
			productType = "com.apple.product-type.application";
		};
		903FAB42255FAA9900437AA6 /* TVMazeTests */ = {
			isa = PBXNativeTarget;
			buildConfigurationList = 903FAB5A255FAA9900437AA6 /* Build configuration list for PBXNativeTarget "TVMazeTests" */;
			buildPhases = (
				903FAB3F255FAA9900437AA6 /* Sources */,
				903FAB40255FAA9900437AA6 /* Frameworks */,
				903FAB41255FAA9900437AA6 /* Resources */,
			);
			buildRules = (
			);
			dependencies = (
				903FAB45255FAA9900437AA6 /* PBXTargetDependency */,
			);
			name = TVMazeTests;
			productName = TVMazeTests;
			productReference = 903FAB43255FAA9900437AA6 /* TVMazeTests.xctest */;
			productType = "com.apple.product-type.bundle.unit-test";
		};
		903FAB4D255FAA9900437AA6 /* TVMazeUITests */ = {
			isa = PBXNativeTarget;
			buildConfigurationList = 903FAB5D255FAA9900437AA6 /* Build configuration list for PBXNativeTarget "TVMazeUITests" */;
			buildPhases = (
				903FAB4A255FAA9900437AA6 /* Sources */,
				903FAB4B255FAA9900437AA6 /* Frameworks */,
				903FAB4C255FAA9900437AA6 /* Resources */,
			);
			buildRules = (
			);
			dependencies = (
				903FAB50255FAA9900437AA6 /* PBXTargetDependency */,
			);
			name = TVMazeUITests;
			productName = TVMazeUITests;
			productReference = 903FAB4E255FAA9900437AA6 /* TVMazeUITests.xctest */;
			productType = "com.apple.product-type.bundle.ui-testing";
		};
/* End PBXNativeTarget section */

/* Begin PBXProject section */
		903FAB25255FAA9800437AA6 /* Project object */ = {
			isa = PBXProject;
			attributes = {
				LastSwiftUpdateCheck = 1210;
				LastUpgradeCheck = 1210;
				TargetAttributes = {
					903FAB2C255FAA9800437AA6 = {
						CreatedOnToolsVersion = 12.1;
					};
					903FAB42255FAA9900437AA6 = {
						CreatedOnToolsVersion = 12.1;
						TestTargetID = 903FAB2C255FAA9800437AA6;
					};
					903FAB4D255FAA9900437AA6 = {
						CreatedOnToolsVersion = 12.1;
						TestTargetID = 903FAB2C255FAA9800437AA6;
					};
				};
			};
			buildConfigurationList = 903FAB28255FAA9800437AA6 /* Build configuration list for PBXProject "TVMaze" */;
			compatibilityVersion = "Xcode 9.3";
			developmentRegion = en;
			hasScannedForEncodings = 0;
			knownRegions = (
				en,
				Base,
			);
			mainGroup = 903FAB24255FAA9800437AA6;
			productRefGroup = 903FAB2E255FAA9800437AA6 /* Products */;
			projectDirPath = "";
			projectRoot = "";
			targets = (
				903FAB2C255FAA9800437AA6 /* TVMaze */,
				903FAB42255FAA9900437AA6 /* TVMazeTests */,
				903FAB4D255FAA9900437AA6 /* TVMazeUITests */,
			);
		};
/* End PBXProject section */

/* Begin PBXResourcesBuildPhase section */
		903FAB2B255FAA9800437AA6 /* Resources */ = {
			isa = PBXResourcesBuildPhase;
			buildActionMask = 2147483647;
			files = (
				903FAB3D255FAA9900437AA6 /* LaunchScreen.storyboard in Resources */,
				903FAB3A255FAA9900437AA6 /* Assets.xcassets in Resources */,
				903FAB38255FAA9800437AA6 /* Main.storyboard in Resources */,
			);
			runOnlyForDeploymentPostprocessing = 0;
		};
		903FAB41255FAA9900437AA6 /* Resources */ = {
			isa = PBXResourcesBuildPhase;
			buildActionMask = 2147483647;
			files = (
			);
			runOnlyForDeploymentPostprocessing = 0;
		};
		903FAB4C255FAA9900437AA6 /* Resources */ = {
			isa = PBXResourcesBuildPhase;
			buildActionMask = 2147483647;
			files = (
			);
			runOnlyForDeploymentPostprocessing = 0;
		};
/* End PBXResourcesBuildPhase section */

/* Begin PBXSourcesBuildPhase section */
		903FAB29255FAA9800437AA6 /* Sources */ = {
			isa = PBXSourcesBuildPhase;
			buildActionMask = 2147483647;
			files = (
				903FAB35255FAA9800437AA6 /* ViewController.swift in Sources */,
				903FAB31255FAA9800437AA6 /* AppDelegate.swift in Sources */,
				903FAB33255FAA9800437AA6 /* SceneDelegate.swift in Sources */,
			);
			runOnlyForDeploymentPostprocessing = 0;
		};
		903FAB3F255FAA9900437AA6 /* Sources */ = {
			isa = PBXSourcesBuildPhase;
			buildActionMask = 2147483647;
			files = (
				903FAB48255FAA9900437AA6 /* TVMazeTests.swift in Sources */,
			);
			runOnlyForDeploymentPostprocessing = 0;
		};
		903FAB4A255FAA9900437AA6 /* Sources */ = {
			isa = PBXSourcesBuildPhase;
			buildActionMask = 2147483647;
			files = (
				903FAB53255FAA9900437AA6 /* TVMazeUITests.swift in Sources */,
			);
			runOnlyForDeploymentPostprocessing = 0;
		};
/* End PBXSourcesBuildPhase section */

/* Begin PBXTargetDependency section */
		903FAB45255FAA9900437AA6 /* PBXTargetDependency */ = {
			isa = PBXTargetDependency;
			target = 903FAB2C255FAA9800437AA6 /* TVMaze */;
			targetProxy = 903FAB44255FAA9900437AA6 /* PBXContainerItemProxy */;
		};
		903FAB50255FAA9900437AA6 /* PBXTargetDependency */ = {
			isa = PBXTargetDependency;
			target = 903FAB2C255FAA9800437AA6 /* TVMaze */;
			targetProxy = 903FAB4F255FAA9900437AA6 /* PBXContainerItemProxy */;
		};
/* End PBXTargetDependency section */

/* Begin PBXVariantGroup section */
		903FAB36255FAA9800437AA6 /* Main.storyboard */ = {
			isa = PBXVariantGroup;
			children = (
				903FAB37255FAA9800437AA6 /* Base */,
			);
			name = Main.storyboard;
			sourceTree = "<group>";
		};
		903FAB3B255FAA9900437AA6 /* LaunchScreen.storyboard */ = {
			isa = PBXVariantGroup;
			children = (
				903FAB3C255FAA9900437AA6 /* Base */,
			);
			name = LaunchScreen.storyboard;
			sourceTree = "<group>";
		};
/* End PBXVariantGroup section */

/* Begin XCBuildConfiguration section */
		903FAB55255FAA9900437AA6 /* Debug */ = {
			isa = XCBuildConfiguration;
			buildSettings = {
				ALWAYS_SEARCH_USER_PATHS = NO;
				CLANG_ANALYZER_NONNULL = YES;
				CLANG_ANALYZER_NUMBER_OBJECT_CONVERSION = YES_AGGRESSIVE;
				CLANG_CXX_LANGUAGE_STANDARD = "gnu++14";
				CLANG_CXX_LIBRARY = "libc++";
				CLANG_ENABLE_MODULES = YES;
				CLANG_ENABLE_OBJC_ARC = YES;
				CLANG_ENABLE_OBJC_WEAK = YES;
				CLANG_WARN_BLOCK_CAPTURE_AUTORELEASING = YES;
				CLANG_WARN_BOOL_CONVERSION = YES;
				CLANG_WARN_COMMA = YES;
				CLANG_WARN_CONSTANT_CONVERSION = YES;
				CLANG_WARN_DEPRECATED_OBJC_IMPLEMENTATIONS = YES;
				CLANG_WARN_DIRECT_OBJC_ISA_USAGE = YES_ERROR;
				CLANG_WARN_DOCUMENTATION_COMMENTS = YES;
				CLANG_WARN_EMPTY_BODY = YES;
				CLANG_WARN_ENUM_CONVERSION = YES;
				CLANG_WARN_INFINITE_RECURSION = YES;
				CLANG_WARN_INT_CONVERSION = YES;
				CLANG_WARN_NON_LITERAL_NULL_CONVERSION = YES;
				CLANG_WARN_OBJC_IMPLICIT_RETAIN_SELF = YES;
				CLANG_WARN_OBJC_LITERAL_CONVERSION = YES;
				CLANG_WARN_OBJC_ROOT_CLASS = YES_ERROR;
				CLANG_WARN_QUOTED_INCLUDE_IN_FRAMEWORK_HEADER = YES;
				CLANG_WARN_RANGE_LOOP_ANALYSIS = YES;
				CLANG_WARN_STRICT_PROTOTYPES = YES;
				CLANG_WARN_SUSPICIOUS_MOVE = YES;
				CLANG_WARN_UNGUARDED_AVAILABILITY = YES_AGGRESSIVE;
				CLANG_WARN_UNREACHABLE_CODE = YES;
				CLANG_WARN__DUPLICATE_METHOD_MATCH = YES;
				COPY_PHASE_STRIP = NO;
				DEBUG_INFORMATION_FORMAT = dwarf;
				ENABLE_STRICT_OBJC_MSGSEND = YES;
				ENABLE_TESTABILITY = YES;
				GCC_C_LANGUAGE_STANDARD = gnu11;
				GCC_DYNAMIC_NO_PIC = NO;
				GCC_NO_COMMON_BLOCKS = YES;
				GCC_OPTIMIZATION_LEVEL = 0;
				GCC_PREPROCESSOR_DEFINITIONS = (
					"DEBUG=1",
					"$(inherited)",
				);
				GCC_WARN_64_TO_32_BIT_CONVERSION = YES;
				GCC_WARN_ABOUT_RETURN_TYPE = YES_ERROR;
				GCC_WARN_UNDECLARED_SELECTOR = YES;
				GCC_WARN_UNINITIALIZED_AUTOS = YES_AGGRESSIVE;
				GCC_WARN_UNUSED_FUNCTION = YES;
				GCC_WARN_UNUSED_VARIABLE = YES;
				IPHONEOS_DEPLOYMENT_TARGET = 14.1;
				MTL_ENABLE_DEBUG_INFO = INCLUDE_SOURCE;
				MTL_FAST_MATH = YES;
				ONLY_ACTIVE_ARCH = YES;
				SDKROOT = iphoneos;
				SWIFT_ACTIVE_COMPILATION_CONDITIONS = DEBUG;
				SWIFT_OPTIMIZATION_LEVEL = "-Onone";
			};
			name = Debug;
		};
		903FAB56255FAA9900437AA6 /* Release */ = {
			isa = XCBuildConfiguration;
			buildSettings = {
				ALWAYS_SEARCH_USER_PATHS = NO;
				CLANG_ANALYZER_NONNULL = YES;
				CLANG_ANALYZER_NUMBER_OBJECT_CONVERSION = YES_AGGRESSIVE;
				CLANG_CXX_LANGUAGE_STANDARD = "gnu++14";
				CLANG_CXX_LIBRARY = "libc++";
				CLANG_ENABLE_MODULES = YES;
				CLANG_ENABLE_OBJC_ARC = YES;
				CLANG_ENABLE_OBJC_WEAK = YES;
				CLANG_WARN_BLOCK_CAPTURE_AUTORELEASING = YES;
				CLANG_WARN_BOOL_CONVERSION = YES;
				CLANG_WARN_COMMA = YES;
				CLANG_WARN_CONSTANT_CONVERSION = YES;
				CLANG_WARN_DEPRECATED_OBJC_IMPLEMENTATIONS = YES;
				CLANG_WARN_DIRECT_OBJC_ISA_USAGE = YES_ERROR;
				CLANG_WARN_DOCUMENTATION_COMMENTS = YES;
				CLANG_WARN_EMPTY_BODY = YES;
				CLANG_WARN_ENUM_CONVERSION = YES;
				CLANG_WARN_INFINITE_RECURSION = YES;
				CLANG_WARN_INT_CONVERSION = YES;
				CLANG_WARN_NON_LITERAL_NULL_CONVERSION = YES;
				CLANG_WARN_OBJC_IMPLICIT_RETAIN_SELF = YES;
				CLANG_WARN_OBJC_LITERAL_CONVERSION = YES;
				CLANG_WARN_OBJC_ROOT_CLASS = YES_ERROR;
				CLANG_WARN_QUOTED_INCLUDE_IN_FRAMEWORK_HEADER = YES;
				CLANG_WARN_RANGE_LOOP_ANALYSIS = YES;
				CLANG_WARN_STRICT_PROTOTYPES = YES;
				CLANG_WARN_SUSPICIOUS_MOVE = YES;
				CLANG_WARN_UNGUARDED_AVAILABILITY = YES_AGGRESSIVE;
				CLANG_WARN_UNREACHABLE_CODE = YES;
				CLANG_WARN__DUPLICATE_METHOD_MATCH = YES;
				COPY_PHASE_STRIP = NO;
				DEBUG_INFORMATION_FORMAT = "dwarf-with-dsym";
				ENABLE_NS_ASSERTIONS = NO;
				ENABLE_STRICT_OBJC_MSGSEND = YES;
				GCC_C_LANGUAGE_STANDARD = gnu11;
				GCC_NO_COMMON_BLOCKS = YES;
				GCC_WARN_64_TO_32_BIT_CONVERSION = YES;
				GCC_WARN_ABOUT_RETURN_TYPE = YES_ERROR;
				GCC_WARN_UNDECLARED_SELECTOR = YES;
				GCC_WARN_UNINITIALIZED_AUTOS = YES_AGGRESSIVE;
				GCC_WARN_UNUSED_FUNCTION = YES;
				GCC_WARN_UNUSED_VARIABLE = YES;
				IPHONEOS_DEPLOYMENT_TARGET = 14.1;
				MTL_ENABLE_DEBUG_INFO = NO;
				MTL_FAST_MATH = YES;
				SDKROOT = iphoneos;
				SWIFT_COMPILATION_MODE = wholemodule;
				SWIFT_OPTIMIZATION_LEVEL = "-O";
				VALIDATE_PRODUCT = YES;
			};
			name = Release;
		};
		903FAB58255FAA9900437AA6 /* Debug */ = {
			isa = XCBuildConfiguration;
			buildSettings = {
				ASSETCATALOG_COMPILER_APPICON_NAME = AppIcon;
				ASSETCATALOG_COMPILER_GLOBAL_ACCENT_COLOR_NAME = AccentColor;
				CODE_SIGN_STYLE = Automatic;
				DEVELOPMENT_TEAM = NS9D7Q2QSF;
				INFOPLIST_FILE = TVMaze/Info.plist;
				LD_RUNPATH_SEARCH_PATHS = (
					"$(inherited)",
					"@executable_path/Frameworks",
				);
				PRODUCT_BUNDLE_IDENTIFIER = Heber.TVMaze;
				PRODUCT_NAME = "$(TARGET_NAME)";
				SWIFT_VERSION = 5.0;
				TARGETED_DEVICE_FAMILY = "1,2";
			};
			name = Debug;
		};
		903FAB59255FAA9900437AA6 /* Release */ = {
			isa = XCBuildConfiguration;
			buildSettings = {
				ASSETCATALOG_COMPILER_APPICON_NAME = AppIcon;
				ASSETCATALOG_COMPILER_GLOBAL_ACCENT_COLOR_NAME = AccentColor;
				CODE_SIGN_STYLE = Automatic;
				DEVELOPMENT_TEAM = NS9D7Q2QSF;
				INFOPLIST_FILE = TVMaze/Info.plist;
				LD_RUNPATH_SEARCH_PATHS = (
					"$(inherited)",
					"@executable_path/Frameworks",
				);
				PRODUCT_BUNDLE_IDENTIFIER = Heber.TVMaze;
				PRODUCT_NAME = "$(TARGET_NAME)";
				SWIFT_VERSION = 5.0;
				TARGETED_DEVICE_FAMILY = "1,2";
			};
			name = Release;
		};
		903FAB5B255FAA9900437AA6 /* Debug */ = {
			isa = XCBuildConfiguration;
			buildSettings = {
				ALWAYS_EMBED_SWIFT_STANDARD_LIBRARIES = YES;
				BUNDLE_LOADER = "$(TEST_HOST)";
				CODE_SIGN_STYLE = Automatic;
				DEVELOPMENT_TEAM = NS9D7Q2QSF;
				INFOPLIST_FILE = TVMazeTests/Info.plist;
				IPHONEOS_DEPLOYMENT_TARGET = 14.1;
				LD_RUNPATH_SEARCH_PATHS = (
					"$(inherited)",
					"@executable_path/Frameworks",
					"@loader_path/Frameworks",
				);
				PRODUCT_BUNDLE_IDENTIFIER = Heber.TVMazeTests;
				PRODUCT_NAME = "$(TARGET_NAME)";
				SWIFT_VERSION = 5.0;
				TARGETED_DEVICE_FAMILY = "1,2";
				TEST_HOST = "$(BUILT_PRODUCTS_DIR)/TVMaze.app/TVMaze";
			};
			name = Debug;
		};
		903FAB5C255FAA9900437AA6 /* Release */ = {
			isa = XCBuildConfiguration;
			buildSettings = {
				ALWAYS_EMBED_SWIFT_STANDARD_LIBRARIES = YES;
				BUNDLE_LOADER = "$(TEST_HOST)";
				CODE_SIGN_STYLE = Automatic;
				DEVELOPMENT_TEAM = NS9D7Q2QSF;
				INFOPLIST_FILE = TVMazeTests/Info.plist;
				IPHONEOS_DEPLOYMENT_TARGET = 14.1;
				LD_RUNPATH_SEARCH_PATHS = (
					"$(inherited)",
					"@executable_path/Frameworks",
					"@loader_path/Frameworks",
				);
				PRODUCT_BUNDLE_IDENTIFIER = Heber.TVMazeTests;
				PRODUCT_NAME = "$(TARGET_NAME)";
				SWIFT_VERSION = 5.0;
				TARGETED_DEVICE_FAMILY = "1,2";
				TEST_HOST = "$(BUILT_PRODUCTS_DIR)/TVMaze.app/TVMaze";
			};
			name = Release;
		};
		903FAB5E255FAA9900437AA6 /* Debug */ = {
			isa = XCBuildConfiguration;
			buildSettings = {
				ALWAYS_EMBED_SWIFT_STANDARD_LIBRARIES = YES;
				CODE_SIGN_STYLE = Automatic;
				DEVELOPMENT_TEAM = NS9D7Q2QSF;
				INFOPLIST_FILE = TVMazeUITests/Info.plist;
				LD_RUNPATH_SEARCH_PATHS = (
					"$(inherited)",
					"@executable_path/Frameworks",
					"@loader_path/Frameworks",
				);
				PRODUCT_BUNDLE_IDENTIFIER = Heber.TVMazeUITests;
				PRODUCT_NAME = "$(TARGET_NAME)";
				SWIFT_VERSION = 5.0;
				TARGETED_DEVICE_FAMILY = "1,2";
				TEST_TARGET_NAME = TVMaze;
			};
			name = Debug;
		};
		903FAB5F255FAA9900437AA6 /* Release */ = {
			isa = XCBuildConfiguration;
			buildSettings = {
				ALWAYS_EMBED_SWIFT_STANDARD_LIBRARIES = YES;
				CODE_SIGN_STYLE = Automatic;
				DEVELOPMENT_TEAM = NS9D7Q2QSF;
				INFOPLIST_FILE = TVMazeUITests/Info.plist;
				LD_RUNPATH_SEARCH_PATHS = (
					"$(inherited)",
					"@executable_path/Frameworks",
					"@loader_path/Frameworks",
				);
				PRODUCT_BUNDLE_IDENTIFIER = Heber.TVMazeUITests;
				PRODUCT_NAME = "$(TARGET_NAME)";
				SWIFT_VERSION = 5.0;
				TARGETED_DEVICE_FAMILY = "1,2";
				TEST_TARGET_NAME = TVMaze;
			};
			name = Release;
		};
/* End XCBuildConfiguration section */

/* Begin XCConfigurationList section */
		903FAB28255FAA9800437AA6 /* Build configuration list for PBXProject "TVMaze" */ = {
			isa = XCConfigurationList;
			buildConfigurations = (
				903FAB55255FAA9900437AA6 /* Debug */,
				903FAB56255FAA9900437AA6 /* Release */,
			);
			defaultConfigurationIsVisible = 0;
			defaultConfigurationName = Release;
		};
		903FAB57255FAA9900437AA6 /* Build configuration list for PBXNativeTarget "TVMaze" */ = {
			isa = XCConfigurationList;
			buildConfigurations = (
				903FAB58255FAA9900437AA6 /* Debug */,
				903FAB59255FAA9900437AA6 /* Release */,
			);
			defaultConfigurationIsVisible = 0;
			defaultConfigurationName = Release;
		};
		903FAB5A255FAA9900437AA6 /* Build configuration list for PBXNativeTarget "TVMazeTests" */ = {
			isa = XCConfigurationList;
			buildConfigurations = (
				903FAB5B255FAA9900437AA6 /* Debug */,
				903FAB5C255FAA9900437AA6 /* Release */,
			);
			defaultConfigurationIsVisible = 0;
			defaultConfigurationName = Release;
		};
		903FAB5D255FAA9900437AA6 /* Build configuration list for PBXNativeTarget "TVMazeUITests" */ = {
			isa = XCConfigurationList;
			buildConfigurations = (
				903FAB5E255FAA9900437AA6 /* Debug */,
				903FAB5F255FAA9900437AA6 /* Release */,
			);
			defaultConfigurationIsVisible = 0;
			defaultConfigurationName = Release;
		};
/* End XCConfigurationList section */
	};
	rootObject = 903FAB25255FAA9800437AA6 /* Project object */;
}
